GEM
  remote: https://rubygems.org/
  specs:
    base64 (0.3.0)
    minitest (5.27.0)

PLATFORMS
  ruby
  x86_64-linux

DEPENDENCIES
  base64
  minitest (~> 5.0)

CHECKSUMS
  base64 (0.3.0) sha256=27337aeabad6ffae05c265c450490628ef3ebd4b67be58257393227588f5a97b
  bundler (4.0.19) sha256=b48056e4c77fb3853cc47775b5447ede44aaa4f53c32f168014ab4fe86587d47
  minitest (5.27.0) sha256=2d3b17f8a36fe7801c1adcffdbc38233b938eb0b4966e97a6739055a45fa77d5

BUNDLED WITH
  4.0.19
